
Microsoft Visual Studio Solution File, Format Version 12.00
# Visual Studio Version 17
VisualStudioVersion = 17.9.34723.18
MinimumVisualStudioVersion = 10.0.40219.1
Project("{FAE04EC0-301F-11D3-BF4B-00C04F79EFBC}") = "exercicio4", "exercicio4.csproj", "{DD02E8A1-6164-4F60-9C85-ECF4E3E75CF9}"
EndProject
Global
	GlobalSection(SolutionConfigurationPlatforms) = preSolution
		Debug|Any CPU = Debug|Any CPU
		Release|Any CPU = Release|Any CPU
	EndGlobalSection
	GlobalSection(ProjectConfigurationPlatforms) = postSolution
		{DD02E8A1-6164-4F60-9C85-ECF4E3E75CF9}.Debug|Any CPU.ActiveCfg = Debug|Any CPU
		{DD02E8A1-6164-4F60-9C85-ECF4E3E75CF9}.Debug|Any CPU.Build.0 = Debug|Any CPU
		{DD02E8A1-6164-4F60-9C85-ECF4E3E75CF9}.Release|Any CPU.ActiveCfg = Release|Any CPU
		{DD02E8A1-6164-4F60-9C85-ECF4E3E75CF9}.Release|Any CPU.Build.0 = Release|Any CPU
	EndGlobalSection
	GlobalSection(SolutionProperties) = preSolution
		HideSolutionNode = FALSE
	EndGlobalSection
	GlobalSection(ExtensibilityGlobals) = postSolution
		SolutionGuid = {99F72DC2-B2AF-4DF8-A0A8-5E3BA466B5A9}
	EndGlobalSection
EndGlobal
