
Microsoft Visual Studio Solution File, Format Version 12.00
# Visual Studio Version 17
VisualStudioVersion = 17.9.34723.18
MinimumVisualStudioVersion = 10.0.40219.1
Project("{FAE04EC0-301F-11D3-BF4B-00C04F79EFBC}") = "exercicio06", "exercicio06.csproj", "{DC1B0F0D-8FDB-4DE4-8E07-DA9552753748}"
EndProject
Global
	GlobalSection(SolutionConfigurationPlatforms) = preSolution
		Debug|Any CPU = Debug|Any CPU
		Release|Any CPU = Release|Any CPU
	EndGlobalSection
	GlobalSection(ProjectConfigurationPlatforms) = postSolution
		{DC1B0F0D-8FDB-4DE4-8E07-DA9552753748}.Debug|Any CPU.ActiveCfg = Debug|Any CPU
		{DC1B0F0D-8FDB-4DE4-8E07-DA9552753748}.Debug|Any CPU.Build.0 = Debug|Any CPU
		{DC1B0F0D-8FDB-4DE4-8E07-DA9552753748}.Release|Any CPU.ActiveCfg = Release|Any CPU
		{DC1B0F0D-8FDB-4DE4-8E07-DA9552753748}.Release|Any CPU.Build.0 = Release|Any CPU
	EndGlobalSection
	GlobalSection(SolutionProperties) = preSolution
		HideSolutionNode = FALSE
	EndGlobalSection
	GlobalSection(ExtensibilityGlobals) = postSolution
		SolutionGuid = {435ACC4B-291B-4B27-B0CF-D55E57EE3509}
	EndGlobalSection
EndGlobal
