
Microsoft Visual Studio Solution File, Format Version 12.00
# Visual Studio Version 17
VisualStudioVersion = 17.9.34723.18
MinimumVisualStudioVersion = 10.0.40219.1
Project("{FAE04EC0-301F-11D3-BF4B-00C04F79EFBC}") = "exercicio05", "exercicio05.csproj", "{CC5B2F56-2290-4B66-807D-48B3003204FD}"
EndProject
Global
	GlobalSection(SolutionConfigurationPlatforms) = preSolution
		Debug|Any CPU = Debug|Any CPU
		Release|Any CPU = Release|Any CPU
	EndGlobalSection
	GlobalSection(ProjectConfigurationPlatforms) = postSolution
		{CC5B2F56-2290-4B66-807D-48B3003204FD}.Debug|Any CPU.ActiveCfg = Debug|Any CPU
		{CC5B2F56-2290-4B66-807D-48B3003204FD}.Debug|Any CPU.Build.0 = Debug|Any CPU
		{CC5B2F56-2290-4B66-807D-48B3003204FD}.Release|Any CPU.ActiveCfg = Release|Any CPU
		{CC5B2F56-2290-4B66-807D-48B3003204FD}.Release|Any CPU.Build.0 = Release|Any CPU
	EndGlobalSection
	GlobalSection(SolutionProperties) = preSolution
		HideSolutionNode = FALSE
	EndGlobalSection
	GlobalSection(ExtensibilityGlobals) = postSolution
		SolutionGuid = {8FADFEBA-4F38-4194-876B-57417B63D159}
	EndGlobalSection
EndGlobal
